
Microsoft Visual Studio Solution File, Format Version 12.00
# Visual Studio Version 17
VisualStudioVersion = 17.3.32819.101
MinimumVisualStudioVersion = 10.0.40219.1
Project("{2150E333-8FDC-42A3-9474-1A3956D46DE8}") = "Clase 01 - Introduccion a .NET y C Sharp", "Clase 01 - Introduccion a .NET y C Sharp", "{216354BB-899E-44C8-A17C-03EA5C544B6D}"
EndProject
Project("{2150E333-8FDC-42A3-9474-1A3956D46DE8}") = "Clase 02 - Programacion Objetos", "Clase 02 - Programacion Objetos", "{AF439AE2-95A9-4C0E-B389-96F21D0F19C6}"
EndProject
Project("{2150E333-8FDC-42A3-9474-1A3956D46DE8}") = "Clase 03 - Clases y metodos estaticos", "Clase 03 - Clases y metodos estaticos", "{D09B4A91-6F43-445E-BF7F-DD264F88BADF}"
EndProject
Project("{2150E333-8FDC-42A3-9474-1A3956D46DE8}") = "Ejercicio I01", "Ejercicio I01", "{5CEB3735-B374-4ACA-9CF0-794B15C8F20A}"
EndProject
Project("{2150E333-8FDC-42A3-9474-1A3956D46DE8}") = "Ejercicio I02", "Ejercicio I02", "{AA95449B-6FA2-42DF-B75A-5798BB370634}"
EndProject
Project("{9A19103F-16F7-4668-BE54-9A1E7A4F7556}") = "I01", "Clase 01 - Introduccion a .NET y C#\I01\I01.csproj", "{82656EEB-CAD6-4313-B18C-85EE57DF1A12}"
EndProject
Project("{9A19103F-16F7-4668-BE54-9A1E7A4F7556}") = "I02", "Clase 01 - Introduccion a .NET y C#\I02\I02.csproj", "{5A14986D-7843-4C7B-87A7-7C3E4D833CC4}"
EndProject
Project("{9A19103F-16F7-4668-BE54-9A1E7A4F7556}") = "I03", "Clase 01 - Introduccion a .NET y C#\I03\I03.csproj", "{18A7F543-D4C9-4ACC-9F55-2730CDD1BA41}"
EndProject
Project("{9A19103F-16F7-4668-BE54-9A1E7A4F7556}") = "I04", "Clase 01 - Introduccion a .NET y C#\I04\I04.csproj", "{4FC64AF2-751F-4C95-A286-651D84609698}"
EndProject
Project("{9A19103F-16F7-4668-BE54-9A1E7A4F7556}") = "I05", "Clase 01 - Introduccion a .NET y C#\I05\I05.csproj", "{BAFFC646-14AC-41FD-AAC7-990DC0B95EE0}"
EndProject
Project("{9A19103F-16F7-4668-BE54-9A1E7A4F7556}") = "I08", "Clase 01 - Introduccion a .NET y C#\I08\I08.csproj", "{7C88DB29-B210-40A2-81DA-24F889A64E60}"
EndProject
Project("{9A19103F-16F7-4668-BE54-9A1E7A4F7556}") = "I09", "Clase 01 - Introduccion a .NET y C#\I09\I09.csproj", "{3EE1B33C-D662-499F-A727-93CE51470E8C}"
EndProject
Project("{9A19103F-16F7-4668-BE54-9A1E7A4F7556}") = "Interfaz", "Clase 03 - Clases y metodos estaticos\Interfaz\Interfaz.csproj", "{4EB50CD2-EA9C-45E4-AA60-DF5E612C3AF4}"
EndProject
Project("{9A19103F-16F7-4668-BE54-9A1E7A4F7556}") = "Biblioteca", "Clase 03 - Clases y metodos estaticos\Biblioteca\Biblioteca.csproj", "{F6E3F3FF-5002-447E-8E33-B343974571FD}"
EndProject
Project("{9A19103F-16F7-4668-BE54-9A1E7A4F7556}") = "Ejercicio I02", "Clase 03 - Clases y metodos estaticos\Ejercicio I02\Ejercicio I02.csproj", "{E9040EB5-D008-405B-85C9-7EA28F74EB13}"
EndProject
Project("{2150E333-8FDC-42A3-9474-1A3956D46DE8}") = "Ejercicio A01", "Ejercicio A01", "{44AB2CB7-E71A-44DC-9F61-B2260AC023EC}"
EndProject
Project("{9A19103F-16F7-4668-BE54-9A1E7A4F7556}") = "Factorial", "Clase 03 - Clases y metodos estaticos\Factorial\Factorial.csproj", "{20788C8D-DDAC-45BA-AD2C-2F358675CDC9}"
EndProject
Project("{FAE04EC0-301F-11D3-BF4B-00C04F79EFBC}") = "Ejercicio I02", "Clase 02 - Programacion Objetos\Ejercicio I02\Ejercicio I02.csproj", "{CD930558-33A9-4C99-A888-52079D1F4698}"
EndProject
Project("{9A19103F-16F7-4668-BE54-9A1E7A4F7556}") = "Prestamo Ejercicio I01", "Clase 02 - Programacion Objetos\Prestamo Ejercicio I01\Prestamo Ejercicio I01.csproj", "{E377F7E2-48F9-4E39-B0A0-528EDB311D93}"
EndProject
Project("{FAE04EC0-301F-11D3-BF4B-00C04F79EFBC}") = "I03 Universal", "Clase 02 - Programacion Objetos\I03 Universal\I03 Universal.csproj", "{0CB1303C-C651-4BC7-997D-175106F70E55}"
EndProject
Global
	GlobalSection(SolutionConfigurationPlatforms) = preSolution
		Debug|Any CPU = Debug|Any CPU
		Release|Any CPU = Release|Any CPU
	EndGlobalSection
	GlobalSection(ProjectConfigurationPlatforms) = postSolution
		{82656EEB-CAD6-4313-B18C-85EE57DF1A12}.Debug|Any CPU.ActiveCfg = Debug|Any CPU
		{82656EEB-CAD6-4313-B18C-85EE57DF1A12}.Debug|Any CPU.Build.0 = Debug|Any CPU
		{82656EEB-CAD6-4313-B18C-85EE57DF1A12}.Release|Any CPU.ActiveCfg = Release|Any CPU
		{82656EEB-CAD6-4313-B18C-85EE57DF1A12}.Release|Any CPU.Build.0 = Release|Any CPU
		{5A14986D-7843-4C7B-87A7-7C3E4D833CC4}.Debug|Any CPU.ActiveCfg = Debug|Any CPU
		{5A14986D-7843-4C7B-87A7-7C3E4D833CC4}.Debug|Any CPU.Build.0 = Debug|Any CPU
		{5A14986D-7843-4C7B-87A7-7C3E4D833CC4}.Release|Any CPU.ActiveCfg = Release|Any CPU
		{5A14986D-7843-4C7B-87A7-7C3E4D833CC4}.Release|Any CPU.Build.0 = Release|Any CPU
		{18A7F543-D4C9-4ACC-9F55-2730CDD1BA41}.Debug|Any CPU.ActiveCfg = Debug|Any CPU
		{18A7F543-D4C9-4ACC-9F55-2730CDD1BA41}.Debug|Any CPU.Build.0 = Debug|Any CPU
		{18A7F543-D4C9-4ACC-9F55-2730CDD1BA41}.Release|Any CPU.ActiveCfg = Release|Any CPU
		{18A7F543-D4C9-4ACC-9F55-2730CDD1BA41}.Release|Any CPU.Build.0 = Release|Any CPU
		{4FC64AF2-751F-4C95-A286-651D84609698}.Debug|Any CPU.ActiveCfg = Debug|Any CPU
		{4FC64AF2-751F-4C95-A286-651D84609698}.Debug|Any CPU.Build.0 = Debug|Any CPU
		{4FC64AF2-751F-4C95-A286-651D84609698}.Release|Any CPU.ActiveCfg = Release|Any CPU
		{4FC64AF2-751F-4C95-A286-651D84609698}.Release|Any CPU.Build.0 = Release|Any CPU
		{BAFFC646-14AC-41FD-AAC7-990DC0B95EE0}.Debug|Any CPU.ActiveCfg = Debug|Any CPU
		{BAFFC646-14AC-41FD-AAC7-990DC0B95EE0}.Debug|Any CPU.Build.0 = Debug|Any CPU
		{BAFFC646-14AC-41FD-AAC7-990DC0B95EE0}.Release|Any CPU.ActiveCfg = Release|Any CPU
		{BAFFC646-14AC-41FD-AAC7-990DC0B95EE0}.Release|Any CPU.Build.0 = Release|Any CPU
		{7C88DB29-B210-40A2-81DA-24F889A64E60}.Debug|Any CPU.ActiveCfg = Debug|Any CPU
		{7C88DB29-B210-40A2-81DA-24F889A64E60}.Debug|Any CPU.Build.0 = Debug|Any CPU
		{7C88DB29-B210-40A2-81DA-24F889A64E60}.Release|Any CPU.ActiveCfg = Release|Any CPU
		{7C88DB29-B210-40A2-81DA-24F889A64E60}.Release|Any CPU.Build.0 = Release|Any CPU
		{3EE1B33C-D662-499F-A727-93CE51470E8C}.Debug|Any CPU.ActiveCfg = Debug|Any CPU
		{3EE1B33C-D662-499F-A727-93CE51470E8C}.Debug|Any CPU.Build.0 = Debug|Any CPU
		{3EE1B33C-D662-499F-A727-93CE51470E8C}.Release|Any CPU.ActiveCfg = Release|Any CPU
		{3EE1B33C-D662-499F-A727-93CE51470E8C}.Release|Any CPU.Build.0 = Release|Any CPU
		{4EB50CD2-EA9C-45E4-AA60-DF5E612C3AF4}.Debug|Any CPU.ActiveCfg = Debug|Any CPU
		{4EB50CD2-EA9C-45E4-AA60-DF5E612C3AF4}.Debug|Any CPU.Build.0 = Debug|Any CPU
		{4EB50CD2-EA9C-45E4-AA60-DF5E612C3AF4}.Release|Any CPU.ActiveCfg = Release|Any CPU
		{4EB50CD2-EA9C-45E4-AA60-DF5E612C3AF4}.Release|Any CPU.Build.0 = Release|Any CPU
		{F6E3F3FF-5002-447E-8E33-B343974571FD}.Debug|Any CPU.ActiveCfg = Debug|Any CPU
		{F6E3F3FF-5002-447E-8E33-B343974571FD}.Debug|Any CPU.Build.0 = Debug|Any CPU
		{F6E3F3FF-5002-447E-8E33-B343974571FD}.Release|Any CPU.ActiveCfg = Release|Any CPU
		{F6E3F3FF-5002-447E-8E33-B343974571FD}.Release|Any CPU.Build.0 = Release|Any CPU
		{E9040EB5-D008-405B-85C9-7EA28F74EB13}.Debug|Any CPU.ActiveCfg = Debug|Any CPU
		{E9040EB5-D008-405B-85C9-7EA28F74EB13}.Debug|Any CPU.Build.0 = Debug|Any CPU
		{E9040EB5-D008-405B-85C9-7EA28F74EB13}.Release|Any CPU.ActiveCfg = Release|Any CPU
		{E9040EB5-D008-405B-85C9-7EA28F74EB13}.Release|Any CPU.Build.0 = Release|Any CPU
		{20788C8D-DDAC-45BA-AD2C-2F358675CDC9}.Debug|Any CPU.ActiveCfg = Debug|Any CPU
		{20788C8D-DDAC-45BA-AD2C-2F358675CDC9}.Debug|Any CPU.Build.0 = Debug|Any CPU
		{20788C8D-DDAC-45BA-AD2C-2F358675CDC9}.Release|Any CPU.ActiveCfg = Release|Any CPU
		{20788C8D-DDAC-45BA-AD2C-2F358675CDC9}.Release|Any CPU.Build.0 = Release|Any CPU
		{CD930558-33A9-4C99-A888-52079D1F4698}.Debug|Any CPU.ActiveCfg = Debug|Any CPU
		{CD930558-33A9-4C99-A888-52079D1F4698}.Debug|Any CPU.Build.0 = Debug|Any CPU
		{CD930558-33A9-4C99-A888-52079D1F4698}.Release|Any CPU.ActiveCfg = Release|Any CPU
		{CD930558-33A9-4C99-A888-52079D1F4698}.Release|Any CPU.Build.0 = Release|Any CPU
		{E377F7E2-48F9-4E39-B0A0-528EDB311D93}.Debug|Any CPU.ActiveCfg = Debug|Any CPU
		{E377F7E2-48F9-4E39-B0A0-528EDB311D93}.Debug|Any CPU.Build.0 = Debug|Any CPU
		{E377F7E2-48F9-4E39-B0A0-528EDB311D93}.Release|Any CPU.ActiveCfg = Release|Any CPU
		{E377F7E2-48F9-4E39-B0A0-528EDB311D93}.Release|Any CPU.Build.0 = Release|Any CPU
		{0CB1303C-C651-4BC7-997D-175106F70E55}.Debug|Any CPU.ActiveCfg = Debug|Any CPU
		{0CB1303C-C651-4BC7-997D-175106F70E55}.Debug|Any CPU.Build.0 = Debug|Any CPU
		{0CB1303C-C651-4BC7-997D-175106F70E55}.Release|Any CPU.ActiveCfg = Release|Any CPU
		{0CB1303C-C651-4BC7-997D-175106F70E55}.Release|Any CPU.Build.0 = Release|Any CPU
	EndGlobalSection
	GlobalSection(SolutionProperties) = preSolution
		HideSolutionNode = FALSE
	EndGlobalSection
	GlobalSection(NestedProjects) = preSolution
		{5CEB3735-B374-4ACA-9CF0-794B15C8F20A} = {D09B4A91-6F43-445E-BF7F-DD264F88BADF}
		{AA95449B-6FA2-42DF-B75A-5798BB370634} = {D09B4A91-6F43-445E-BF7F-DD264F88BADF}
		{82656EEB-CAD6-4313-B18C-85EE57DF1A12} = {216354BB-899E-44C8-A17C-03EA5C544B6D}
		{5A14986D-7843-4C7B-87A7-7C3E4D833CC4} = {216354BB-899E-44C8-A17C-03EA5C544B6D}
		{18A7F543-D4C9-4ACC-9F55-2730CDD1BA41} = {216354BB-899E-44C8-A17C-03EA5C544B6D}
		{4FC64AF2-751F-4C95-A286-651D84609698} = {216354BB-899E-44C8-A17C-03EA5C544B6D}
		{BAFFC646-14AC-41FD-AAC7-990DC0B95EE0} = {216354BB-899E-44C8-A17C-03EA5C544B6D}
		{7C88DB29-B210-40A2-81DA-24F889A64E60} = {216354BB-899E-44C8-A17C-03EA5C544B6D}
		{3EE1B33C-D662-499F-A727-93CE51470E8C} = {216354BB-899E-44C8-A17C-03EA5C544B6D}
		{4EB50CD2-EA9C-45E4-AA60-DF5E612C3AF4} = {5CEB3735-B374-4ACA-9CF0-794B15C8F20A}
		{F6E3F3FF-5002-447E-8E33-B343974571FD} = {5CEB3735-B374-4ACA-9CF0-794B15C8F20A}
		{E9040EB5-D008-405B-85C9-7EA28F74EB13} = {AA95449B-6FA2-42DF-B75A-5798BB370634}
		{44AB2CB7-E71A-44DC-9F61-B2260AC023EC} = {D09B4A91-6F43-445E-BF7F-DD264F88BADF}
		{20788C8D-DDAC-45BA-AD2C-2F358675CDC9} = {44AB2CB7-E71A-44DC-9F61-B2260AC023EC}
		{CD930558-33A9-4C99-A888-52079D1F4698} = {AF439AE2-95A9-4C0E-B389-96F21D0F19C6}
		{E377F7E2-48F9-4E39-B0A0-528EDB311D93} = {AF439AE2-95A9-4C0E-B389-96F21D0F19C6}
		{0CB1303C-C651-4BC7-997D-175106F70E55} = {AF439AE2-95A9-4C0E-B389-96F21D0F19C6}
	EndGlobalSection
	GlobalSection(ExtensibilityGlobals) = postSolution
		SolutionGuid = {893D27F8-338D-4FDF-A6B5-7BC17792CE6C}
	EndGlobalSection
EndGlobal
